{
  "name": "ecom---copy",
  "version": "1.0.0",
  "lockfileVersion": 2,
  "requires": true,
  "packages": {
    "": {
      "name": "ecom---copy",
      "version": "1.0.0",
      "license": "ISC",
      "dependencies": {
        "@fortawesome/fontawesome-free": "^5.15.4",
        "jQuery": "^1.7.4",
        "slick-slider": "^1.8.2"
      }
    },
    "node_modules/@fortawesome/fontawesome-free": {
      "version": "5.15.4",
      "resolved": "https://registry.npmjs.org/@fortawesome/fontawesome-free/-/fontawesome-free-5.15.4.tgz",
      "integrity": "sha512-eYm8vijH/hpzr/6/1CJ/V/Eb1xQFW2nnUKArb3z+yUWv7HTwj6M7SP957oMjfZjAHU6qpoNc2wQvIxBLWYa/Jg==",
      "hasInstallScript": true,
      "engines": {
        "node": ">=6"
      }
    },
    "node_modules/jQuery": {
      "version": "1.7.4",
      "resolved": "https://registry.npmjs.org/jQuery/-/jQuery-1.7.4.tgz",
      "integrity": "sha1-8y3FyFpwRO6GS0RDue5F+UeLoTc=",
      "deprecated": "This is deprecated. Please use 'jquery' (all lowercase).",
      "engines": {
        "node": ">=0.6"
      }
    },
    "node_modules/slick-slider": {
      "version": "1.8.2",
      "resolved": "https://registry.npmjs.org/slick-slider/-/slick-slider-1.8.2.tgz",
      "integrity": "sha512-/NGT7QzlC1/LNu198ad+rM8xJcgSXgiptUPbY0oMmtZ/8K2G9s6mMpLo7um6FIIQ135vUjsnP2gWY5DKJe2qJw=="
    }
  },
  "dependencies": {
    "@fortawesome/fontawesome-free": {
      "version": "5.15.4",
      "resolved": "https://registry.npmjs.org/@fortawesome/fontawesome-free/-/fontawesome-free-5.15.4.tgz",
      "integrity": "sha512-eYm8vijH/hpzr/6/1CJ/V/Eb1xQFW2nnUKArb3z+yUWv7HTwj6M7SP957oMjfZjAHU6qpoNc2wQvIxBLWYa/Jg=="
    },
    "jQuery": {
      "version": "1.7.4",
      "resolved": "https://registry.npmjs.org/jQuery/-/jQuery-1.7.4.tgz",
      "integrity": "sha1-8y3FyFpwRO6GS0RDue5F+UeLoTc="
    },
    "slick-slider": {
      "version": "1.8.2",
      "resolved": "https://registry.npmjs.org/slick-slider/-/slick-slider-1.8.2.tgz",
      "integrity": "sha512-/NGT7QzlC1/LNu198ad+rM8xJcgSXgiptUPbY0oMmtZ/8K2G9s6mMpLo7um6FIIQ135vUjsnP2gWY5DKJe2qJw=="
    }
  }
}
